
Microsoft Visual Studio Solution File, Format Version 12.00
# Visual Studio Version 16
VisualStudioVersion = 16.0.31005.135
MinimumVisualStudioVersion = 10.0.40219.1
Project("{FAE04EC0-301F-11D3-BF4B-00C04F79EFBC}") = "PW-MusicManager", "PW-MusicManager\PW-MusicManager.csproj", "{206FA5AB-EA22-43B8-9123-83E9E25B9A6C}"
EndProject
Global
	GlobalSection(SolutionConfigurationPlatforms) = preSolution
		Debug|Any CPU = Debug|Any CPU
		Release|Any CPU = Release|Any CPU
	EndGlobalSection
	GlobalSection(ProjectConfigurationPlatforms) = postSolution
		{206FA5AB-EA22-43B8-9123-83E9E25B9A6C}.Debug|Any CPU.ActiveCfg = Debug|Any CPU
		{206FA5AB-EA22-43B8-9123-83E9E25B9A6C}.Debug|Any CPU.Build.0 = Debug|Any CPU
		{206FA5AB-EA22-43B8-9123-83E9E25B9A6C}.Release|Any CPU.ActiveCfg = Release|Any CPU
		{206FA5AB-EA22-43B8-9123-83E9E25B9A6C}.Release|Any CPU.Build.0 = Release|Any CPU
	EndGlobalSection
	GlobalSection(SolutionProperties) = preSolution
		HideSolutionNode = FALSE
	EndGlobalSection
	GlobalSection(ExtensibilityGlobals) = postSolution
		SolutionGuid = {9C87327F-1FF7-4A86-9666-6BA86FA55FD1}
	EndGlobalSection
EndGlobal
